
Microsoft Visual Studio Solution File, Format Version 12.00
# Visual Studio Version 16
VisualStudioVersion = 16.0.32510.428
MinimumVisualStudioVersion = 10.0.40219.1
Project("{9A19103F-16F7-4668-BE54-9A1E7A4F7556}") = "System.NumericsD", "System.NumericsD\System.NumericsD.csproj", "{891B9CD9-58B5-481B-9F13-50286BCC2B3F}"
EndProject
Project("{9A19103F-16F7-4668-BE54-9A1E7A4F7556}") = "System.DrawingD", "System.DrawingD\System.DrawingD.csproj", "{5659F911-AC37-4316-8992-C830B128EC17}"
EndProject
Project("{FAE04EC0-301F-11D3-BF4B-00C04F79EFBC}") = "System.Drawing.GraphicsD", "System.Drawing.GraphicsD\System.Drawing.GraphicsD.csproj", "{03F27C10-2A22-4560-BF6F-D3EDBBF8C44B}"
EndProject
Global
	GlobalSection(SolutionConfigurationPlatforms) = preSolution
		Debug|Any CPU = Debug|Any CPU
		Release|Any CPU = Release|Any CPU
	EndGlobalSection
	GlobalSection(ProjectConfigurationPlatforms) = postSolution
		{891B9CD9-58B5-481B-9F13-50286BCC2B3F}.Debug|Any CPU.ActiveCfg = Debug|Any CPU
		{891B9CD9-58B5-481B-9F13-50286BCC2B3F}.Debug|Any CPU.Build.0 = Debug|Any CPU
		{891B9CD9-58B5-481B-9F13-50286BCC2B3F}.Release|Any CPU.ActiveCfg = Release|Any CPU
		{891B9CD9-58B5-481B-9F13-50286BCC2B3F}.Release|Any CPU.Build.0 = Release|Any CPU
		{5659F911-AC37-4316-8992-C830B128EC17}.Debug|Any CPU.ActiveCfg = Debug|Any CPU
		{5659F911-AC37-4316-8992-C830B128EC17}.Debug|Any CPU.Build.0 = Debug|Any CPU
		{5659F911-AC37-4316-8992-C830B128EC17}.Release|Any CPU.ActiveCfg = Release|Any CPU
		{5659F911-AC37-4316-8992-C830B128EC17}.Release|Any CPU.Build.0 = Release|Any CPU
		{03F27C10-2A22-4560-BF6F-D3EDBBF8C44B}.Debug|Any CPU.ActiveCfg = Debug|Any CPU
		{03F27C10-2A22-4560-BF6F-D3EDBBF8C44B}.Debug|Any CPU.Build.0 = Debug|Any CPU
		{03F27C10-2A22-4560-BF6F-D3EDBBF8C44B}.Release|Any CPU.ActiveCfg = Release|Any CPU
		{03F27C10-2A22-4560-BF6F-D3EDBBF8C44B}.Release|Any CPU.Build.0 = Release|Any CPU
	EndGlobalSection
	GlobalSection(SolutionProperties) = preSolution
		HideSolutionNode = FALSE
	EndGlobalSection
	GlobalSection(ExtensibilityGlobals) = postSolution
		SolutionGuid = {1723616A-EDC8-48F5-BE35-3BC2EF45F4C3}
	EndGlobalSection
EndGlobal
